// !$*UTF8*$!
{
	archiveVersion = 1;
	classes = {
	};
	objectVersion = 51;
	objects = {

/* Begin PBXBuildFile section */
		042D62072297804D00D81DE3 /* ScanBarCodeViewController.swift in Sources */ = {isa = PBXBuildFile; fileRef = 042D62062297804D00D81DE3 /* ScanBarCodeViewController.swift */; };
		042D62092297B7F000D81DE3 /* QRScanViewController.swift in Sources */ = {isa = PBXBuildFile; fileRef = 042D62082297B7F000D81DE3 /* QRScanViewController.swift */; };
		3EBD36B5261D846600CEFCDA /* AuthViewController.swift in Sources */ = {isa = PBXBuildFile; fileRef = 3EBD36B4261D846600CEFCDA /* AuthViewController.swift */; };
		903EFC69271E5B01009C2598 /* bbq-logo.json in Resources */ = {isa = PBXBuildFile; fileRef = 903EFC68271E5B01009C2598 /* bbq-logo.json */; };
		C892E61D222CB4EA0044A040 /* AppDelegate.swift in Sources */ = {isa = PBXBuildFile; fileRef = C892E61C222CB4EA0044A040 /* AppDelegate.swift */; };
		C892E622222CB4EA0044A040 /* Main.storyboard in Resources */ = {isa = PBXBuildFile; fileRef = C892E620222CB4EA0044A040 /* Main.storyboard */; };
		C892E624222CB4EB0044A040 /* Assets.xcassets in Resources */ = {isa = PBXBuildFile; fileRef = C892E623222CB4EB0044A040 /* Assets.xcassets */; };
		C892E627222CB4EB0044A040 /* LaunchScreen.storyboard in Resources */ = {isa = PBXBuildFile; fileRef = C892E625222CB4EB0044A040 /* LaunchScreen.storyboard */; };
		C892E632222CB4EB0044A040 /* BBQ_iOSTests.swift in Sources */ = {isa = PBXBuildFile; fileRef = C892E631222CB4EB0044A040 /* BBQ_iOSTests.swift */; };
		C892E63D222CB4EB0044A040 /* BBQ_iOSUITests.swift in Sources */ = {isa = PBXBuildFile; fileRef = C892E63C222CB4EB0044A040 /* BBQ_iOSUITests.swift */; };
		C892E666222CB9B00044A040 /* Utils.swift in Sources */ = {isa = PBXBuildFile; fileRef = C892E64C222CB9B00044A040 /* Utils.swift */; };
		C892E667222CB9B00044A040 /* Models.swift in Sources */ = {isa = PBXBuildFile; fileRef = C892E64E222CB9B00044A040 /* Models.swift */; };
		C892E668222CB9B00044A040 /* Extensions.swift in Sources */ = {isa = PBXBuildFile; fileRef = C892E650222CB9B00044A040 /* Extensions.swift */; };
		C892E66A222CB9B00044A040 /* SplashViewController.swift in Sources */ = {isa = PBXBuildFile; fileRef = C892E655222CB9B00044A040 /* SplashViewController.swift */; };
		C892E66B222CB9B00044A040 /* Splash.storyboard in Resources */ = {isa = PBXBuildFile; fileRef = C892E656222CB9B00044A040 /* Splash.storyboard */; };
		C892E66C222CB9B00044A040 /* RequestServiceModel.swift in Sources */ = {isa = PBXBuildFile; fileRef = C892E658222CB9B00044A040 /* RequestServiceModel.swift */; };
		C892E66D222CB9B00044A040 /* RequestService.swift in Sources */ = {isa = PBXBuildFile; fileRef = C892E659222CB9B00044A040 /* RequestService.swift */; };
		C892E66E222CB9B00044A040 /* ResponseObjectMapperModels.swift in Sources */ = {isa = PBXBuildFile; fileRef = C892E65B222CB9B00044A040 /* ResponseObjectMapperModels.swift */; };
		C892E66F222CB9B00044A040 /* URLs.swift in Sources */ = {isa = PBXBuildFile; fileRef = C892E65C222CB9B00044A040 /* URLs.swift */; };
		C892E670222CB9B00044A040 /* BasicViewController.swift in Sources */ = {isa = PBXBuildFile; fileRef = C892E65E222CB9B00044A040 /* BasicViewController.swift */; };
		C892E671222CB9B00044A040 /* GoogleService-Info.plist in Resources */ = {isa = PBXBuildFile; fileRef = C892E65F222CB9B00044A040 /* GoogleService-Info.plist */; };
		C892E677222CBA270044A040 /* MainNavigationController.swift in Sources */ = {isa = PBXBuildFile; fileRef = C892E675222CBA270044A040 /* MainNavigationController.swift */; };
		C892E678222CBA270044A040 /* MainViewController.swift in Sources */ = {isa = PBXBuildFile; fileRef = C892E676222CBA270044A040 /* MainViewController.swift */; };
		E2B02202B9A25B6ADE7D32E7 /* Pods_BBQ_iOS.framework in Frameworks */ = {isa = PBXBuildFile; fileRef = 9DEDDD360A8398B077E14DCA /* Pods_BBQ_iOS.framework */; };
/* End PBXBuildFile section */

/* Begin PBXContainerItemProxy section */
		C892E62E222CB4EB0044A040 /* PBXContainerItemProxy */ = {
			isa = PBXContainerItemProxy;
			containerPortal = C892E611222CB4EA0044A040 /* Project object */;
			proxyType = 1;
			remoteGlobalIDString = C892E618222CB4EA0044A040;
			remoteInfo = BBQ_iOS;
		};
		C892E639222CB4EB0044A040 /* PBXContainerItemProxy */ = {
			isa = PBXContainerItemProxy;
			containerPortal = C892E611222CB4EA0044A040 /* Project object */;
			proxyType = 1;
			remoteGlobalIDString = C892E618222CB4EA0044A040;
			remoteInfo = BBQ_iOS;
		};
/* End PBXContainerItemProxy section */

/* Begin PBXFileReference section */
		042D62062297804D00D81DE3 /* ScanBarCodeViewController.swift */ = {isa = PBXFileReference; lastKnownFileType = sourcecode.swift; path = ScanBarCodeViewController.swift; sourceTree = "<group>"; };
		042D62082297B7F000D81DE3 /* QRScanViewController.swift */ = {isa = PBXFileReference; fileEncoding = 4; lastKnownFileType = sourcecode.swift; path = QRScanViewController.swift; sourceTree = "<group>"; };
		2FB6F1E10B832C1E630BB81F /* Pods-BBQ_iOS.debug.xcconfig */ = {isa = PBXFileReference; includeInIndex = 1; lastKnownFileType = text.xcconfig; name = "Pods-BBQ_iOS.debug.xcconfig"; path = "Pods/Target Support Files/Pods-BBQ_iOS/Pods-BBQ_iOS.debug.xcconfig"; sourceTree = "<group>"; };
		3EBD36B4261D846600CEFCDA /* AuthViewController.swift */ = {isa = PBXFileReference; lastKnownFileType = sourcecode.swift; path = AuthViewController.swift; sourceTree = "<group>"; };
		86E934C90F1CF2C7541BFC21 /* Pods-BBQ_iOS.release.xcconfig */ = {isa = PBXFileReference; includeInIndex = 1; lastKnownFileType = text.xcconfig; name = "Pods-BBQ_iOS.release.xcconfig"; path = "Pods/Target Support Files/Pods-BBQ_iOS/Pods-BBQ_iOS.release.xcconfig"; sourceTree = "<group>"; };
		903EFC68271E5B01009C2598 /* bbq-logo.json */ = {isa = PBXFileReference; fileEncoding = 4; lastKnownFileType = text.json; path = "bbq-logo.json"; sourceTree = "<group>"; };
		9DEDDD360A8398B077E14DCA /* Pods_BBQ_iOS.framework */ = {isa = PBXFileReference; explicitFileType = wrapper.framework; includeInIndex = 0; path = Pods_BBQ_iOS.framework; sourceTree = BUILT_PRODUCTS_DIR; };
		C807C4682235F51500EA8BE8 /* BBQ_iOS.entitlements */ = {isa = PBXFileReference; lastKnownFileType = text.plist.entitlements; path = BBQ_iOS.entitlements; sourceTree = "<group>"; };
		C892E619222CB4EA0044A040 /* BBQ_iOS.app */ = {isa = PBXFileReference; explicitFileType = wrapper.application; includeInIndex = 0; path = BBQ_iOS.app; sourceTree = BUILT_PRODUCTS_DIR; };
		C892E61C222CB4EA0044A040 /* AppDelegate.swift */ = {isa = PBXFileReference; lastKnownFileType = sourcecode.swift; path = AppDelegate.swift; sourceTree = "<group>"; };
		C892E621222CB4EA0044A040 /* Base */ = {isa = PBXFileReference; lastKnownFileType = file.storyboard; name = Base; path = Base.lproj/Main.storyboard; sourceTree = "<group>"; };
		C892E623222CB4EB0044A040 /* Assets.xcassets */ = {isa = PBXFileReference; lastKnownFileType = folder.assetcatalog; path = Assets.xcassets; sourceTree = "<group>"; };
		C892E626222CB4EB0044A040 /* Base */ = {isa = PBXFileReference; lastKnownFileType = file.storyboard; name = Base; path = Base.lproj/LaunchScreen.storyboard; sourceTree = "<group>"; };
		C892E628222CB4EB0044A040 /* Info.plist */ = {isa = PBXFileReference; lastKnownFileType = text.plist.xml; path = Info.plist; sourceTree = "<group>"; };
		C892E62D222CB4EB0044A040 /* BBQ_iOSTests.xctest */ = {isa = PBXFileReference; explicitFileType = wrapper.cfbundle; includeInIndex = 0; path = BBQ_iOSTests.xctest; sourceTree = BUILT_PRODUCTS_DIR; };
		C892E631222CB4EB0044A040 /* BBQ_iOSTests.swift */ = {isa = PBXFileReference; lastKnownFileType = sourcecode.swift; path = BBQ_iOSTests.swift; sourceTree = "<group>"; };
		C892E633222CB4EB0044A040 /* Info.plist */ = {isa = PBXFileReference; lastKnownFileType = text.plist.xml; path = Info.plist; sourceTree = "<group>"; };
		C892E638222CB4EB0044A040 /* BBQ_iOSUITests.xctest */ = {isa = PBXFileReference; explicitFileType = wrapper.cfbundle; includeInIndex = 0; path = BBQ_iOSUITests.xctest; sourceTree = BUILT_PRODUCTS_DIR; };
		C892E63C222CB4EB0044A040 /* BBQ_iOSUITests.swift */ = {isa = PBXFileReference; lastKnownFileType = sourcecode.swift; path = BBQ_iOSUITests.swift; sourceTree = "<group>"; };
		C892E63E222CB4EB0044A040 /* Info.plist */ = {isa = PBXFileReference; lastKnownFileType = text.plist.xml; path = Info.plist; sourceTree = "<group>"; };
		C892E64C222CB9B00044A040 /* Utils.swift */ = {isa = PBXFileReference; fileEncoding = 4; lastKnownFileType = sourcecode.swift; path = Utils.swift; sourceTree = "<group>"; };
		C892E64E222CB9B00044A040 /* Models.swift */ = {isa = PBXFileReference; fileEncoding = 4; lastKnownFileType = sourcecode.swift; path = Models.swift; sourceTree = "<group>"; };
		C892E650222CB9B00044A040 /* Extensions.swift */ = {isa = PBXFileReference; fileEncoding = 4; lastKnownFileType = sourcecode.swift; path = Extensions.swift; sourceTree = "<group>"; };
		C892E655222CB9B00044A040 /* SplashViewController.swift */ = {isa = PBXFileReference; fileEncoding = 4; lastKnownFileType = sourcecode.swift; path = SplashViewController.swift; sourceTree = "<group>"; };
		C892E656222CB9B00044A040 /* Splash.storyboard */ = {isa = PBXFileReference; fileEncoding = 4; lastKnownFileType = file.storyboard; path = Splash.storyboard; sourceTree = "<group>"; };
		C892E658222CB9B00044A040 /* RequestServiceModel.swift */ = {isa = PBXFileReference; fileEncoding = 4; lastKnownFileType = sourcecode.swift; path = RequestServiceModel.swift; sourceTree = "<group>"; };
		C892E659222CB9B00044A040 /* RequestService.swift */ = {isa = PBXFileReference; fileEncoding = 4; lastKnownFileType = sourcecode.swift; path = RequestService.swift; sourceTree = "<group>"; };
		C892E65B222CB9B00044A040 /* ResponseObjectMapperModels.swift */ = {isa = PBXFileReference; fileEncoding = 4; lastKnownFileType = sourcecode.swift; path = ResponseObjectMapperModels.swift; sourceTree = "<group>"; };
		C892E65C222CB9B00044A040 /* URLs.swift */ = {isa = PBXFileReference; fileEncoding = 4; lastKnownFileType = sourcecode.swift; path = URLs.swift; sourceTree = "<group>"; };
		C892E65E222CB9B00044A040 /* BasicViewController.swift */ = {isa = PBXFileReference; fileEncoding = 4; lastKnownFileType = sourcecode.swift; path = BasicViewController.swift; sourceTree = "<group>"; };
		C892E65F222CB9B00044A040 /* GoogleService-Info.plist */ = {isa = PBXFileReference; fileEncoding = 4; lastKnownFileType = text.plist.xml; path = "GoogleService-Info.plist"; sourceTree = "<group>"; };
		C892E675222CBA270044A040 /* MainNavigationController.swift */ = {isa = PBXFileReference; fileEncoding = 4; lastKnownFileType = sourcecode.swift; name = MainNavigationController.swift; path = BBQ_iOS/MainNavigationController.swift; sourceTree = SOURCE_ROOT; };
		C892E676222CBA270044A040 /* MainViewController.swift */ = {isa = PBXFileReference; fileEncoding = 4; lastKnownFileType = sourcecode.swift; name = MainViewController.swift; path = BBQ_iOS/ViewController/MainViewController.swift; sourceTree = SOURCE_ROOT; };
/* End PBXFileReference section */

/* Begin PBXFrameworksBuildPhase section */
		C892E616222CB4EA0044A040 /* Frameworks */ = {
			isa = PBXFrameworksBuildPhase;
			buildActionMask = 2147483647;
			files = (
				E2B02202B9A25B6ADE7D32E7 /* Pods_BBQ_iOS.framework in Frameworks */,
			);
			runOnlyForDeploymentPostprocessing = 0;
		};
		C892E62A222CB4EB0044A040 /* Frameworks */ = {
			isa = PBXFrameworksBuildPhase;
			buildActionMask = 2147483647;
			files = (
			);
			runOnlyForDeploymentPostprocessing = 0;
		};
		C892E635222CB4EB0044A040 /* Frameworks */ = {
			isa = PBXFrameworksBuildPhase;
			buildActionMask = 2147483647;
			files = (
			);
			runOnlyForDeploymentPostprocessing = 0;
		};
/* End PBXFrameworksBuildPhase section */

/* Begin PBXGroup section */
		18606F64278D598A00B8F68E /* ViewController */ = {
			isa = PBXGroup;
			children = (
				C892E676222CBA270044A040 /* MainViewController.swift */,
				042D62062297804D00D81DE3 /* ScanBarCodeViewController.swift */,
				3EBD36B4261D846600CEFCDA /* AuthViewController.swift */,
				042D62082297B7F000D81DE3 /* QRScanViewController.swift */,
			);
			path = ViewController;
			sourceTree = "<group>";
		};
		7E7C2F0A19DC9C329175254A /* Pods */ = {
			isa = PBXGroup;
			children = (
				2FB6F1E10B832C1E630BB81F /* Pods-BBQ_iOS.debug.xcconfig */,
				86E934C90F1CF2C7541BFC21 /* Pods-BBQ_iOS.release.xcconfig */,
			);
			name = Pods;
			sourceTree = "<group>";
		};
		AE1783BD19A75E6FD312EEDA /* Frameworks */ = {
			isa = PBXGroup;
			children = (
				9DEDDD360A8398B077E14DCA /* Pods_BBQ_iOS.framework */,
			);
			name = Frameworks;
			sourceTree = "<group>";
		};
		C892E610222CB4EA0044A040 = {
			isa = PBXGroup;
			children = (
				C892E61B222CB4EA0044A040 /* BBQ_iOS */,
				C892E630222CB4EB0044A040 /* BBQ_iOSTests */,
				C892E63B222CB4EB0044A040 /* BBQ_iOSUITests */,
				C892E61A222CB4EA0044A040 /* Products */,
				7E7C2F0A19DC9C329175254A /* Pods */,
				AE1783BD19A75E6FD312EEDA /* Frameworks */,
			);
			sourceTree = "<group>";
		};
		C892E61A222CB4EA0044A040 /* Products */ = {
			isa = PBXGroup;
			children = (
				C892E619222CB4EA0044A040 /* BBQ_iOS.app */,
				C892E62D222CB4EB0044A040 /* BBQ_iOSTests.xctest */,
				C892E638222CB4EB0044A040 /* BBQ_iOSUITests.xctest */,
			);
			name = Products;
			sourceTree = "<group>";
		};
		C892E61B222CB4EA0044A040 /* BBQ_iOS */ = {
			isa = PBXGroup;
			children = (
				18606F64278D598A00B8F68E /* ViewController */,
				C892E64A222CB9B00044A040 /* Commons */,
				C892E651222CB9B00044A040 /* Supports */,
				C892E61C222CB4EA0044A040 /* AppDelegate.swift */,
				C892E675222CBA270044A040 /* MainNavigationController.swift */,
				C807C4682235F51500EA8BE8 /* BBQ_iOS.entitlements */,
				C892E620222CB4EA0044A040 /* Main.storyboard */,
				C892E623222CB4EB0044A040 /* Assets.xcassets */,
				C892E625222CB4EB0044A040 /* LaunchScreen.storyboard */,
				C892E628222CB4EB0044A040 /* Info.plist */,
			);
			path = BBQ_iOS;
			sourceTree = "<group>";
		};
		C892E630222CB4EB0044A040 /* BBQ_iOSTests */ = {
			isa = PBXGroup;
			children = (
				C892E631222CB4EB0044A040 /* BBQ_iOSTests.swift */,
				C892E633222CB4EB0044A040 /* Info.plist */,
			);
			path = BBQ_iOSTests;
			sourceTree = "<group>";
		};
		C892E63B222CB4EB0044A040 /* BBQ_iOSUITests */ = {
			isa = PBXGroup;
			children = (
				C892E63C222CB4EB0044A040 /* BBQ_iOSUITests.swift */,
				C892E63E222CB4EB0044A040 /* Info.plist */,
			);
			path = BBQ_iOSUITests;
			sourceTree = "<group>";
		};
		C892E64A222CB9B00044A040 /* Commons */ = {
			isa = PBXGroup;
			children = (
				C892E64B222CB9B00044A040 /* Utils */,
				C892E64D222CB9B00044A040 /* Models */,
				C892E64F222CB9B00044A040 /* Extensions */,
			);
			path = Commons;
			sourceTree = "<group>";
		};
		C892E64B222CB9B00044A040 /* Utils */ = {
			isa = PBXGroup;
			children = (
				C892E64C222CB9B00044A040 /* Utils.swift */,
			);
			path = Utils;
			sourceTree = "<group>";
		};
		C892E64D222CB9B00044A040 /* Models */ = {
			isa = PBXGroup;
			children = (
				C892E64E222CB9B00044A040 /* Models.swift */,
			);
			path = Models;
			sourceTree = "<group>";
		};
		C892E64F222CB9B00044A040 /* Extensions */ = {
			isa = PBXGroup;
			children = (
				C892E650222CB9B00044A040 /* Extensions.swift */,
			);
			path = Extensions;
			sourceTree = "<group>";
		};
		C892E651222CB9B00044A040 /* Supports */ = {
			isa = PBXGroup;
			children = (
				C892E654222CB9B00044A040 /* Splash */,
				C892E657222CB9B00044A040 /* Netwroking */,
				C892E65D222CB9B00044A040 /* basic */,
				C892E65F222CB9B00044A040 /* GoogleService-Info.plist */,
				C892E664222CB9B00044A040 /* Data */,
			);
			path = Supports;
			sourceTree = "<group>";
		};
		C892E654222CB9B00044A040 /* Splash */ = {
			isa = PBXGroup;
			children = (
				903EFC68271E5B01009C2598 /* bbq-logo.json */,
				C892E655222CB9B00044A040 /* SplashViewController.swift */,
				C892E656222CB9B00044A040 /* Splash.storyboard */,
			);
			path = Splash;
			sourceTree = "<group>";
		};
		C892E657222CB9B00044A040 /* Netwroking */ = {
			isa = PBXGroup;
			children = (
				C892E658222CB9B00044A040 /* RequestServiceModel.swift */,
				C892E659222CB9B00044A040 /* RequestService.swift */,
				C892E65A222CB9B00044A040 /* Models */,
				C892E65C222CB9B00044A040 /* URLs.swift */,
			);
			path = Netwroking;
			sourceTree = "<group>";
		};
		C892E65A222CB9B00044A040 /* Models */ = {
			isa = PBXGroup;
			children = (
				C892E65B222CB9B00044A040 /* ResponseObjectMapperModels.swift */,
			);
			path = Models;
			sourceTree = "<group>";
		};
		C892E65D222CB9B00044A040 /* basic */ = {
			isa = PBXGroup;
			children = (
				C892E65E222CB9B00044A040 /* BasicViewController.swift */,
			);
			path = basic;
			sourceTree = "<group>";
		};
		C892E664222CB9B00044A040 /* Data */ = {
			isa = PBXGroup;
			children = (
			);
			path = Data;
			sourceTree = "<group>";
		};
/* End PBXGroup section */

/* Begin PBXNativeTarget section */
		C892E618222CB4EA0044A040 /* BBQ_iOS */ = {
			isa = PBXNativeTarget;
			buildConfigurationList = C892E641222CB4EB0044A040 /* Build configuration list for PBXNativeTarget "BBQ_iOS" */;
			buildPhases = (
				680C248B26CD9B582C306615 /* [CP] Check Pods Manifest.lock */,
				C892E615222CB4EA0044A040 /* Sources */,
				C892E616222CB4EA0044A040 /* Frameworks */,
				C892E617222CB4EA0044A040 /* Resources */,
				1170E86D5D23B8D9365BCFF7 /* [CP] Embed Pods Frameworks */,
			);
			buildRules = (
			);
			dependencies = (
			);
			name = BBQ_iOS;
			productName = BBQ_iOS;
			productReference = C892E619222CB4EA0044A040 /* BBQ_iOS.app */;
			productType = "com.apple.product-type.application";
		};
		C892E62C222CB4EB0044A040 /* BBQ_iOSTests */ = {
			isa = PBXNativeTarget;
			buildConfigurationList = C892E644222CB4EB0044A040 /* Build configuration list for PBXNativeTarget "BBQ_iOSTests" */;
			buildPhases = (
				C892E629222CB4EB0044A040 /* Sources */,
				C892E62A222CB4EB0044A040 /* Frameworks */,
				C892E62B222CB4EB0044A040 /* Resources */,
			);
			buildRules = (
			);
			dependencies = (
				C892E62F222CB4EB0044A040 /* PBXTargetDependency */,
			);
			name = BBQ_iOSTests;
			productName = BBQ_iOSTests;
			productReference = C892E62D222CB4EB0044A040 /* BBQ_iOSTests.xctest */;
			productType = "com.apple.product-type.bundle.unit-test";
		};
		C892E637222CB4EB0044A040 /* BBQ_iOSUITests */ = {
			isa = PBXNativeTarget;
			buildConfigurationList = C892E647222CB4EB0044A040 /* Build configuration list for PBXNativeTarget "BBQ_iOSUITests" */;
			buildPhases = (
				C892E634222CB4EB0044A040 /* Sources */,
				C892E635222CB4EB0044A040 /* Frameworks */,
				C892E636222CB4EB0044A040 /* Resources */,
			);
			buildRules = (
			);
			dependencies = (
				C892E63A222CB4EB0044A040 /* PBXTargetDependency */,
			);
			name = BBQ_iOSUITests;
			productName = BBQ_iOSUITests;
			productReference = C892E638222CB4EB0044A040 /* BBQ_iOSUITests.xctest */;
			productType = "com.apple.product-type.bundle.ui-testing";
		};
/* End PBXNativeTarget section */

/* Begin PBXProject section */
		C892E611222CB4EA0044A040 /* Project object */ = {
			isa = PBXProject;
			attributes = {
				LastSwiftUpdateCheck = 1010;
				LastUpgradeCheck = 1010;
				ORGANIZATIONNAME = winter;
				TargetAttributes = {
					C892E618222CB4EA0044A040 = {
						CreatedOnToolsVersion = 10.1;
						SystemCapabilities = {
							com.apple.Push = {
								enabled = 1;
							};
						};
					};
					C892E62C222CB4EB0044A040 = {
						CreatedOnToolsVersion = 10.1;
						TestTargetID = C892E618222CB4EA0044A040;
					};
					C892E637222CB4EB0044A040 = {
						CreatedOnToolsVersion = 10.1;
						TestTargetID = C892E618222CB4EA0044A040;
					};
				};
			};
			buildConfigurationList = C892E614222CB4EA0044A040 /* Build configuration list for PBXProject "BBQ_iOS" */;
			compatibilityVersion = "Xcode 9.3";
			developmentRegion = en;
			hasScannedForEncodings = 0;
			knownRegions = (
				en,
				Base,
			);
			mainGroup = C892E610222CB4EA0044A040;
			productRefGroup = C892E61A222CB4EA0044A040 /* Products */;
			projectDirPath = "";
			projectRoot = "";
			targets = (
				C892E618222CB4EA0044A040 /* BBQ_iOS */,
				C892E62C222CB4EB0044A040 /* BBQ_iOSTests */,
				C892E637222CB4EB0044A040 /* BBQ_iOSUITests */,
			);
		};
/* End PBXProject section */

/* Begin PBXResourcesBuildPhase section */
		C892E617222CB4EA0044A040 /* Resources */ = {
			isa = PBXResourcesBuildPhase;
			buildActionMask = 2147483647;
			files = (
				903EFC69271E5B01009C2598 /* bbq-logo.json in Resources */,
				C892E627222CB4EB0044A040 /* LaunchScreen.storyboard in Resources */,
				C892E624222CB4EB0044A040 /* Assets.xcassets in Resources */,
				C892E671222CB9B00044A040 /* GoogleService-Info.plist in Resources */,
				C892E622222CB4EA0044A040 /* Main.storyboard in Resources */,
				C892E66B222CB9B00044A040 /* Splash.storyboard in Resources */,
			);
			runOnlyForDeploymentPostprocessing = 0;
		};
		C892E62B222CB4EB0044A040 /* Resources */ = {
			isa = PBXResourcesBuildPhase;
			buildActionMask = 2147483647;
			files = (
			);
			runOnlyForDeploymentPostprocessing = 0;
		};
		C892E636222CB4EB0044A040 /* Resources */ = {
			isa = PBXResourcesBuildPhase;
			buildActionMask = 2147483647;
			files = (
			);
			runOnlyForDeploymentPostprocessing = 0;
		};
/* End PBXResourcesBuildPhase section */

/* Begin PBXShellScriptBuildPhase section */
		1170E86D5D23B8D9365BCFF7 /* [CP] Embed Pods Frameworks */ = {
			isa = PBXShellScriptBuildPhase;
			buildActionMask = 2147483647;
			files = (
			);
			inputFileListPaths = (
				"${PODS_ROOT}/Target Support Files/Pods-BBQ_iOS/Pods-BBQ_iOS-frameworks-${CONFIGURATION}-input-files.xcfilelist",
			);
			name = "[CP] Embed Pods Frameworks";
			outputFileListPaths = (
				"${PODS_ROOT}/Target Support Files/Pods-BBQ_iOS/Pods-BBQ_iOS-frameworks-${CONFIGURATION}-output-files.xcfilelist",
			);
			runOnlyForDeploymentPostprocessing = 0;
			shellPath = /bin/sh;
			shellScript = "\"${PODS_ROOT}/Target Support Files/Pods-BBQ_iOS/Pods-BBQ_iOS-frameworks.sh\"\n";
			showEnvVarsInLog = 0;
		};
		680C248B26CD9B582C306615 /* [CP] Check Pods Manifest.lock */ = {
			isa = PBXShellScriptBuildPhase;
			buildActionMask = 2147483647;
			files = (
			);
			inputFileListPaths = (
			);
			inputPaths = (
				"${PODS_PODFILE_DIR_PATH}/Podfile.lock",
				"${PODS_ROOT}/Manifest.lock",
			);
			name = "[CP] Check Pods Manifest.lock";
			outputFileListPaths = (
			);
			outputPaths = (
				"$(DERIVED_FILE_DIR)/Pods-BBQ_iOS-checkManifestLockResult.txt",
			);
			runOnlyForDeploymentPostprocessing = 0;
			shellPath = /bin/sh;
			shellScript = "diff \"${PODS_PODFILE_DIR_PATH}/Podfile.lock\" \"${PODS_ROOT}/Manifest.lock\" > /dev/null\nif [ $? != 0 ] ; then\n    # print error to STDERR\n    echo \"error: The sandbox is not in sync with the Podfile.lock. Run 'pod install' or update your CocoaPods installation.\" >&2\n    exit 1\nfi\n# This output is used by Xcode 'outputs' to avoid re-running this script phase.\necho \"SUCCESS\" > \"${SCRIPT_OUTPUT_FILE_0}\"\n";
			showEnvVarsInLog = 0;
		};
/* End PBXShellScriptBuildPhase section */

/* Begin PBXSourcesBuildPhase section */
		C892E615222CB4EA0044A040 /* Sources */ = {
			isa = PBXSourcesBuildPhase;
			buildActionMask = 2147483647;
			files = (
				C892E677222CBA270044A040 /* MainNavigationController.swift in Sources */,
				C892E667222CB9B00044A040 /* Models.swift in Sources */,
				C892E66E222CB9B00044A040 /* ResponseObjectMapperModels.swift in Sources */,
				C892E66D222CB9B00044A040 /* RequestService.swift in Sources */,
				042D62092297B7F000D81DE3 /* QRScanViewController.swift in Sources */,
				C892E61D222CB4EA0044A040 /* AppDelegate.swift in Sources */,
				C892E666222CB9B00044A040 /* Utils.swift in Sources */,
				3EBD36B5261D846600CEFCDA /* AuthViewController.swift in Sources */,
				C892E66F222CB9B00044A040 /* URLs.swift in Sources */,
				C892E678222CBA270044A040 /* MainViewController.swift in Sources */,
				C892E670222CB9B00044A040 /* BasicViewController.swift in Sources */,
				C892E66A222CB9B00044A040 /* SplashViewController.swift in Sources */,
				C892E668222CB9B00044A040 /* Extensions.swift in Sources */,
				C892E66C222CB9B00044A040 /* RequestServiceModel.swift in Sources */,
				042D62072297804D00D81DE3 /* ScanBarCodeViewController.swift in Sources */,
			);
			runOnlyForDeploymentPostprocessing = 0;
		};
		C892E629222CB4EB0044A040 /* Sources */ = {
			isa = PBXSourcesBuildPhase;
			buildActionMask = 2147483647;
			files = (
				C892E632222CB4EB0044A040 /* BBQ_iOSTests.swift in Sources */,
			);
			runOnlyForDeploymentPostprocessing = 0;
		};
		C892E634222CB4EB0044A040 /* Sources */ = {
			isa = PBXSourcesBuildPhase;
			buildActionMask = 2147483647;
			files = (
				C892E63D222CB4EB0044A040 /* BBQ_iOSUITests.swift in Sources */,
			);
			runOnlyForDeploymentPostprocessing = 0;
		};
/* End PBXSourcesBuildPhase section */

/* Begin PBXTargetDependency section */
		C892E62F222CB4EB0044A040 /* PBXTargetDependency */ = {
			isa = PBXTargetDependency;
			target = C892E618222CB4EA0044A040 /* BBQ_iOS */;
			targetProxy = C892E62E222CB4EB0044A040 /* PBXContainerItemProxy */;
		};
		C892E63A222CB4EB0044A040 /* PBXTargetDependency */ = {
			isa = PBXTargetDependency;
			target = C892E618222CB4EA0044A040 /* BBQ_iOS */;
			targetProxy = C892E639222CB4EB0044A040 /* PBXContainerItemProxy */;
		};
/* End PBXTargetDependency section */

/* Begin PBXVariantGroup section */
		C892E620222CB4EA0044A040 /* Main.storyboard */ = {
			isa = PBXVariantGroup;
			children = (
				C892E621222CB4EA0044A040 /* Base */,
			);
			name = Main.storyboard;
			sourceTree = "<group>";
		};
		C892E625222CB4EB0044A040 /* LaunchScreen.storyboard */ = {
			isa = PBXVariantGroup;
			children = (
				C892E626222CB4EB0044A040 /* Base */,
			);
			name = LaunchScreen.storyboard;
			sourceTree = "<group>";
		};
/* End PBXVariantGroup section */

/* Begin XCBuildConfiguration section */
		C892E63F222CB4EB0044A040 /* Debug */ = {
			isa = XCBuildConfiguration;
			buildSettings = {
				ALWAYS_SEARCH_USER_PATHS = NO;
				CLANG_ANALYZER_NONNULL = YES;
				CLANG_ANALYZER_NUMBER_OBJECT_CONVERSION = YES_AGGRESSIVE;
				CLANG_CXX_LANGUAGE_STANDARD = "gnu++14";
				CLANG_CXX_LIBRARY = "libc++";
				CLANG_ENABLE_MODULES = YES;
				CLANG_ENABLE_OBJC_ARC = YES;
				CLANG_ENABLE_OBJC_WEAK = YES;
				CLANG_WARN_BLOCK_CAPTURE_AUTORELEASING = YES;
				CLANG_WARN_BOOL_CONVERSION = YES;
				CLANG_WARN_COMMA = YES;
				CLANG_WARN_CONSTANT_CONVERSION = YES;
				CLANG_WARN_DEPRECATED_OBJC_IMPLEMENTATIONS = YES;
				CLANG_WARN_DIRECT_OBJC_ISA_USAGE = YES_ERROR;
				CLANG_WARN_DOCUMENTATION_COMMENTS = YES;
				CLANG_WARN_EMPTY_BODY = YES;
				CLANG_WARN_ENUM_CONVERSION = YES;
				CLANG_WARN_INFINITE_RECURSION = YES;
				CLANG_WARN_INT_CONVERSION = YES;
				CLANG_WARN_NON_LITERAL_NULL_CONVERSION = YES;
				CLANG_WARN_OBJC_IMPLICIT_RETAIN_SELF = YES;
				CLANG_WARN_OBJC_LITERAL_CONVERSION = YES;
				CLANG_WARN_OBJC_ROOT_CLASS = YES_ERROR;
				CLANG_WARN_RANGE_LOOP_ANALYSIS = YES;
				CLANG_WARN_STRICT_PROTOTYPES = YES;
				CLANG_WARN_SUSPICIOUS_MOVE = YES;
				CLANG_WARN_UNGUARDED_AVAILABILITY = YES_AGGRESSIVE;
				CLANG_WARN_UNREACHABLE_CODE = YES;
				CLANG_WARN__DUPLICATE_METHOD_MATCH = YES;
				CODE_SIGN_IDENTITY = "iPhone Developer";
				COPY_PHASE_STRIP = NO;
				DEBUG_INFORMATION_FORMAT = dwarf;
				ENABLE_STRICT_OBJC_MSGSEND = YES;
				ENABLE_TESTABILITY = YES;
				GCC_C_LANGUAGE_STANDARD = gnu11;
				GCC_DYNAMIC_NO_PIC = NO;
				GCC_NO_COMMON_BLOCKS = YES;
				GCC_OPTIMIZATION_LEVEL = 0;
				GCC_PREPROCESSOR_DEFINITIONS = (
					"DEBUG=1",
					"$(inherited)",
				);
				GCC_WARN_64_TO_32_BIT_CONVERSION = YES;
				GCC_WARN_ABOUT_RETURN_TYPE = YES_ERROR;
				GCC_WARN_UNDECLARED_SELECTOR = YES;
				GCC_WARN_UNINITIALIZED_AUTOS = YES_AGGRESSIVE;
				GCC_WARN_UNUSED_FUNCTION = YES;
				GCC_WARN_UNUSED_VARIABLE = YES;
				IPHONEOS_DEPLOYMENT_TARGET = 10.1;
				MTL_ENABLE_DEBUG_INFO = INCLUDE_SOURCE;
				MTL_FAST_MATH = YES;
				ONLY_ACTIVE_ARCH = YES;
				SDKROOT = iphoneos;
				SWIFT_ACTIVE_COMPILATION_CONDITIONS = DEBUG;
				SWIFT_OPTIMIZATION_LEVEL = "-Onone";
			};
			name = Debug;
		};
		C892E640222CB4EB0044A040 /* Release */ = {
			isa = XCBuildConfiguration;
			buildSettings = {
				ALWAYS_SEARCH_USER_PATHS = NO;
				CLANG_ANALYZER_NONNULL = YES;
				CLANG_ANALYZER_NUMBER_OBJECT_CONVERSION = YES_AGGRESSIVE;
				CLANG_CXX_LANGUAGE_STANDARD = "gnu++14";
				CLANG_CXX_LIBRARY = "libc++";
				CLANG_ENABLE_MODULES = YES;
				CLANG_ENABLE_OBJC_ARC = YES;
				CLANG_ENABLE_OBJC_WEAK = YES;
				CLANG_WARN_BLOCK_CAPTURE_AUTORELEASING = YES;
				CLANG_WARN_BOOL_CONVERSION = YES;
				CLANG_WARN_COMMA = YES;
				CLANG_WARN_CONSTANT_CONVERSION = YES;
				CLANG_WARN_DEPRECATED_OBJC_IMPLEMENTATIONS = YES;
				CLANG_WARN_DIRECT_OBJC_ISA_USAGE = YES_ERROR;
				CLANG_WARN_DOCUMENTATION_COMMENTS = YES;
				CLANG_WARN_EMPTY_BODY = YES;
				CLANG_WARN_ENUM_CONVERSION = YES;
				CLANG_WARN_INFINITE_RECURSION = YES;
				CLANG_WARN_INT_CONVERSION = YES;
				CLANG_WARN_NON_LITERAL_NULL_CONVERSION = YES;
				CLANG_WARN_OBJC_IMPLICIT_RETAIN_SELF = YES;
				CLANG_WARN_OBJC_LITERAL_CONVERSION = YES;
				CLANG_WARN_OBJC_ROOT_CLASS = YES_ERROR;
				CLANG_WARN_RANGE_LOOP_ANALYSIS = YES;
				CLANG_WARN_STRICT_PROTOTYPES = YES;
				CLANG_WARN_SUSPICIOUS_MOVE = YES;
				CLANG_WARN_UNGUARDED_AVAILABILITY = YES_AGGRESSIVE;
				CLANG_WARN_UNREACHABLE_CODE = YES;
				CLANG_WARN__DUPLICATE_METHOD_MATCH = YES;
				CODE_SIGN_IDENTITY = "iPhone Developer";
				COPY_PHASE_STRIP = NO;
				DEBUG_INFORMATION_FORMAT = "dwarf-with-dsym";
				ENABLE_NS_ASSERTIONS = NO;
				ENABLE_STRICT_OBJC_MSGSEND = YES;
				GCC_C_LANGUAGE_STANDARD = gnu11;
				GCC_NO_COMMON_BLOCKS = YES;
				GCC_WARN_64_TO_32_BIT_CONVERSION = YES;
				GCC_WARN_ABOUT_RETURN_TYPE = YES_ERROR;
				GCC_WARN_UNDECLARED_SELECTOR = YES;
				GCC_WARN_UNINITIALIZED_AUTOS = YES_AGGRESSIVE;
				GCC_WARN_UNUSED_FUNCTION = YES;
				GCC_WARN_UNUSED_VARIABLE = YES;
				IPHONEOS_DEPLOYMENT_TARGET = 10.1;
				MTL_ENABLE_DEBUG_INFO = NO;
				MTL_FAST_MATH = YES;
				SDKROOT = iphoneos;
				SWIFT_COMPILATION_MODE = wholemodule;
				SWIFT_OPTIMIZATION_LEVEL = "-O";
				VALIDATE_PRODUCT = YES;
			};
			name = Release;
		};
		C892E642222CB4EB0044A040 /* Debug */ = {
			isa = XCBuildConfiguration;
			baseConfigurationReference = 2FB6F1E10B832C1E630BB81F /* Pods-BBQ_iOS.debug.xcconfig */;
			buildSettings = {
				ASSETCATALOG_COMPILER_APPICON_NAME = AppIcon;
				CODE_SIGN_ENTITLEMENTS = BBQ_iOS/BBQ_iOS.entitlements;
				CODE_SIGN_IDENTITY = "iPhone Developer";
				CODE_SIGN_STYLE = Automatic;
				CURRENT_PROJECT_VERSION = 10;
				DEVELOPMENT_TEAM = XP29EP4H25;
				INFOPLIST_FILE = BBQ_iOS/Info.plist;
				IPHONEOS_DEPLOYMENT_TARGET = 10.0;
				LD_RUNPATH_SEARCH_PATHS = (
					"$(inherited)",
					"@executable_path/Frameworks",
				);
				MARKETING_VERSION = 2.0.17;
				PRODUCT_BUNDLE_IDENTIFIER = kr.co.bbq.iphone;
				PRODUCT_NAME = "$(TARGET_NAME)";
				PROVISIONING_PROFILE_SPECIFIER = "";
				SWIFT_VERSION = 4.2;
				TARGETED_DEVICE_FAMILY = 1;
			};
			name = Debug;
		};
		C892E643222CB4EB0044A040 /* Release */ = {
			isa = XCBuildConfiguration;
			baseConfigurationReference = 86E934C90F1CF2C7541BFC21 /* Pods-BBQ_iOS.release.xcconfig */;
			buildSettings = {
				ASSETCATALOG_COMPILER_APPICON_NAME = AppIcon;
				CODE_SIGN_ENTITLEMENTS = BBQ_iOS/BBQ_iOS.entitlements;
				CODE_SIGN_IDENTITY = "iPhone Developer";
				CODE_SIGN_STYLE = Automatic;
				CURRENT_PROJECT_VERSION = 10;
				DEVELOPMENT_TEAM = XP29EP4H25;
				INFOPLIST_FILE = BBQ_iOS/Info.plist;
				IPHONEOS_DEPLOYMENT_TARGET = 10.0;
				LD_RUNPATH_SEARCH_PATHS = (
					"$(inherited)",
					"@executable_path/Frameworks",
				);
				MARKETING_VERSION = 2.0.17;
				PRODUCT_BUNDLE_IDENTIFIER = kr.co.bbq.iphone;
				PRODUCT_NAME = "$(TARGET_NAME)";
				PROVISIONING_PROFILE_SPECIFIER = "";
				SWIFT_VERSION = 4.2;
				TARGETED_DEVICE_FAMILY = 1;
			};
			name = Release;
		};
		C892E645222CB4EB0044A040 /* Debug */ = {
			isa = XCBuildConfiguration;
			buildSettings = {
				ALWAYS_EMBED_SWIFT_STANDARD_LIBRARIES = YES;
				BUNDLE_LOADER = "$(TEST_HOST)";
				CODE_SIGN_STYLE = Automatic;
				INFOPLIST_FILE = BBQ_iOSTests/Info.plist;
				LD_RUNPATH_SEARCH_PATHS = (
					"$(inherited)",
					"@executable_path/Frameworks",
					"@loader_path/Frameworks",
				);
				PRODUCT_BUNDLE_IDENTIFIER = "net.t-tube.BBQ-iOSTests";
				PRODUCT_NAME = "$(TARGET_NAME)";
				SWIFT_VERSION = 4.2;
				TARGETED_DEVICE_FAMILY = "1,2";
				TEST_HOST = "$(BUILT_PRODUCTS_DIR)/BBQ_iOS.app/BBQ_iOS";
			};
			name = Debug;
		};
		C892E646222CB4EB0044A040 /* Release */ = {
			isa = XCBuildConfiguration;
			buildSettings = {
				ALWAYS_EMBED_SWIFT_STANDARD_LIBRARIES = YES;
				BUNDLE_LOADER = "$(TEST_HOST)";
				CODE_SIGN_STYLE = Automatic;
				INFOPLIST_FILE = BBQ_iOSTests/Info.plist;
				LD_RUNPATH_SEARCH_PATHS = (
					"$(inherited)",
					"@executable_path/Frameworks",
					"@loader_path/Frameworks",
				);
				PRODUCT_BUNDLE_IDENTIFIER = "net.t-tube.BBQ-iOSTests";
				PRODUCT_NAME = "$(TARGET_NAME)";
				SWIFT_VERSION = 4.2;
				TARGETED_DEVICE_FAMILY = "1,2";
				TEST_HOST = "$(BUILT_PRODUCTS_DIR)/BBQ_iOS.app/BBQ_iOS";
			};
			name = Release;
		};
		C892E648222CB4EB0044A040 /* Debug */ = {
			isa = XCBuildConfiguration;
			buildSettings = {
				ALWAYS_EMBED_SWIFT_STANDARD_LIBRARIES = YES;
				CODE_SIGN_STYLE = Automatic;
				INFOPLIST_FILE = BBQ_iOSUITests/Info.plist;
				LD_RUNPATH_SEARCH_PATHS = (
					"$(inherited)",
					"@executable_path/Frameworks",
					"@loader_path/Frameworks",
				);
				PRODUCT_BUNDLE_IDENTIFIER = "net.t-tube.BBQ-iOSUITests";
				PRODUCT_NAME = "$(TARGET_NAME)";
				SWIFT_VERSION = 4.2;
				TARGETED_DEVICE_FAMILY = "1,2";
				TEST_TARGET_NAME = BBQ_iOS;
			};
			name = Debug;
		};
		C892E649222CB4EB0044A040 /* Release */ = {
			isa = XCBuildConfiguration;
			buildSettings = {
				ALWAYS_EMBED_SWIFT_STANDARD_LIBRARIES = YES;
				CODE_SIGN_STYLE = Automatic;
				INFOPLIST_FILE = BBQ_iOSUITests/Info.plist;
				LD_RUNPATH_SEARCH_PATHS = (
					"$(inherited)",
					"@executable_path/Frameworks",
					"@loader_path/Frameworks",
				);
				PRODUCT_BUNDLE_IDENTIFIER = "net.t-tube.BBQ-iOSUITests";
				PRODUCT_NAME = "$(TARGET_NAME)";
				SWIFT_VERSION = 4.2;
				TARGETED_DEVICE_FAMILY = "1,2";
				TEST_TARGET_NAME = BBQ_iOS;
			};
			name = Release;
		};
/* End XCBuildConfiguration section */

/* Begin XCConfigurationList section */
		C892E614222CB4EA0044A040 /* Build configuration list for PBXProject "BBQ_iOS" */ = {
			isa = XCConfigurationList;
			buildConfigurations = (
				C892E63F222CB4EB0044A040 /* Debug */,
				C892E640222CB4EB0044A040 /* Release */,
			);
			defaultConfigurationIsVisible = 0;
			defaultConfigurationName = Release;
		};
		C892E641222CB4EB0044A040 /* Build configuration list for PBXNativeTarget "BBQ_iOS" */ = {
			isa = XCConfigurationList;
			buildConfigurations = (
				C892E642222CB4EB0044A040 /* Debug */,
				C892E643222CB4EB0044A040 /* Release */,
			);
			defaultConfigurationIsVisible = 0;
			defaultConfigurationName = Release;
		};
		C892E644222CB4EB0044A040 /* Build configuration list for PBXNativeTarget "BBQ_iOSTests" */ = {
			isa = XCConfigurationList;
			buildConfigurations = (
				C892E645222CB4EB0044A040 /* Debug */,
				C892E646222CB4EB0044A040 /* Release */,
			);
			defaultConfigurationIsVisible = 0;
			defaultConfigurationName = Release;
		};
		C892E647222CB4EB0044A040 /* Build configuration list for PBXNativeTarget "BBQ_iOSUITests" */ = {
			isa = XCConfigurationList;
			buildConfigurations = (
				C892E648222CB4EB0044A040 /* Debug */,
				C892E649222CB4EB0044A040 /* Release */,
			);
			defaultConfigurationIsVisible = 0;
			defaultConfigurationName = Release;
		};
/* End XCConfigurationList section */
	};
	rootObject = C892E611222CB4EA0044A040 /* Project object */;
}
